
Microsoft Visual Studio Solution File, Format Version 12.00
# Visual Studio Version 16
VisualStudioVersion = 16.0.30011.22
MinimumVisualStudioVersion = 10.0.40219.1
Project("{9A19103F-16F7-4668-BE54-9A1E7A4F7556}") = "GitHub-Actions-FunctionApp", "GitHub-Actions-FunctionApp.csproj", "{0E877B1B-DC2B-4291-B680-566016A46741}"
EndProject
Project("{2150E333-8FDC-42A3-9474-1A3956D46DE8}") = ".GitHub", ".GitHub", "{D28EC6AF-010A-4CD9-8E3C-52A3154AD999}"
EndProject
Project("{2150E333-8FDC-42A3-9474-1A3956D46DE8}") = "workflows", "workflows", "{8BFB9375-E5B1-4A7B-AD21-3FD4450E30C5}"
	ProjectSection(SolutionItems) = preProject
		..\..\.github\workflows\dotnetcore-hello-build-publish.yml = ..\..\.github\workflows\dotnetcore-hello-build-publish.yml
		..\..\.github\workflows\dotnetcore-hello-build.yml = ..\..\.github\workflows\dotnetcore-hello-build.yml
	EndProjectSection
EndProject
Global
	GlobalSection(SolutionConfigurationPlatforms) = preSolution
		Debug|Any CPU = Debug|Any CPU
		Release|Any CPU = Release|Any CPU
	EndGlobalSection
	GlobalSection(ProjectConfigurationPlatforms) = postSolution
		{0E877B1B-DC2B-4291-B680-566016A46741}.Debug|Any CPU.ActiveCfg = Debug|Any CPU
		{0E877B1B-DC2B-4291-B680-566016A46741}.Debug|Any CPU.Build.0 = Debug|Any CPU
		{0E877B1B-DC2B-4291-B680-566016A46741}.Release|Any CPU.ActiveCfg = Release|Any CPU
		{0E877B1B-DC2B-4291-B680-566016A46741}.Release|Any CPU.Build.0 = Release|Any CPU
	EndGlobalSection
	GlobalSection(SolutionProperties) = preSolution
		HideSolutionNode = FALSE
	EndGlobalSection
	GlobalSection(NestedProjects) = preSolution
		{8BFB9375-E5B1-4A7B-AD21-3FD4450E30C5} = {D28EC6AF-010A-4CD9-8E3C-52A3154AD999}
	EndGlobalSection
	GlobalSection(ExtensibilityGlobals) = postSolution
		SolutionGuid = {383372D2-932B-4820-BE8E-732AC7E6AD2C}
	EndGlobalSection
EndGlobal
